<?xml version="1.0" encoding="utf-8"?>
<Project ToolsVersion="4.0" xmlns="http://schemas.microsoft.com/developer/msbuild/2003">
  <ItemGroup>
    <ClCompile Include="..\sdk\smsdk_ext.cpp">
      <Filter>sdk</Filter>
    </ClCompile>
    <ClCompile Include="..\vhook.cpp" />
    <ClCompile Include="..\extension.cpp" />
    <ClCompile Include="..\..\..\sourcemod-central\public\jit\x86\assembler-x86.cpp">
      <Filter>JIT</Filter>
    </ClCompile>
    <ClCompile Include="..\natives.cpp" />
    <ClCompile Include="..\listeners.cpp" />
    <ClCompile Include="..\vfunc_call.cpp" />
  </ItemGroup>
  <ItemGroup>
    <ClInclude Include="..\extension.h">
      <Filter>Headers</Filter>
    </ClInclude>
    <ClInclude Include="..\vhook.h">
      <Filter>Headers</Filter>
    </ClInclude>
    <ClInclude Include="..\sdk\smsdk_config.h">
      <Filter>sdk</Filter>
    </ClInclude>
    <ClInclude Include="..\sdk\smsdk_ext.h">
      <Filter>sdk</Filter>
    </ClInclude>
    <ClInclude Include="..\vhook_macros.h">
      <Filter>Headers</Filter>
    </ClInclude>
    <ClInclude Include="..\natives.h">
      <Filter>Headers</Filter>
    </ClInclude>
    <ClInclude Include="..\listeners.h">
      <Filter>Headers</Filter>
    </ClInclude>
    <ClInclude Include="..\vfunc_call.h">
      <Filter>Headers</Filter>
    </ClInclude>
  </ItemGroup>
  <ItemGroup>
    <Filter Include="Headers">
      <UniqueIdentifier>{dcea02e7-7dfe-4bd2-9e97-d58b3c166cbb}</UniqueIdentifier>
    </Filter>
    <Filter Include="sdk">
      <UniqueIdentifier>{8a0b4570-752f-44d9-b270-ef886743e9ea}</UniqueIdentifier>
    </Filter>
    <Filter Include="JIT">
      <UniqueIdentifier>{9ac7d92a-8a9d-4e7c-b108-09d915244278}</UniqueIdentifier>
    </Filter>
  </ItemGroup>
</Project>